{
  "version": 4,
  "terraform_version": "1.13.4",
  "serial": 8,
  "lineage": "a1ea8368-1a56-5d39-6d92-d8a7442be7c0",
  "outputs": {},
  "resources": [
    {
      "mode": "managed",
      "type": "aws_instance",
      "name": "cmtr-ghjc0xhd-ec2",
      "provider": "provider[\"registry.terraform.io/hashicorp/aws\"]",
      "instances": [
        {
          "schema_version": 2,
          "attributes": {
            "ami": "ami-0c02fb55956c7d316",
            "arn": "arn:aws:ec2:us-east-1:692859926587:instance/i-06d081b4641a70a94",
            "associate_public_ip_address": true,
            "availability_zone": "us-east-1b",
            "capacity_reservation_specification": [
              {
                "capacity_reservation_preference": "open",
                "capacity_reservation_target": []
              }
            ],
            "cpu_options": [
              {
                "amd_sev_snp": "",
                "core_count": 1,
                "threads_per_core": 1
              }
            ],
            "credit_specification": [
              {
                "cpu_credits": "standard"
              }
            ],
            "disable_api_stop": false,
            "disable_api_termination": false,
            "ebs_block_device": [],
            "ebs_optimized": false,
            "enable_primary_ipv6": null,
            "enclave_options": [
              {
                "enabled": false
              }
            ],
            "ephemeral_block_device": [],
            "force_destroy": false,
            "get_password_data": false,
            "hibernation": false,
            "host_id": "",
            "host_resource_group_arn": null,
            "iam_instance_profile": "",
            "id": "i-06d081b4641a70a94",
            "instance_initiated_shutdown_behavior": "stop",
            "instance_lifecycle": "",
            "instance_market_options": [],
            "instance_state": "running",
            "instance_type": "t2.micro",
            "ipv6_address_count": 0,
            "ipv6_addresses": [],
            "key_name": "cmtr-ghjc0xhd-keypair",
            "launch_template": [],
            "maintenance_options": [
              {
                "auto_recovery": "default"
              }
            ],
            "metadata_options": [
              {
                "http_endpoint": "enabled",
                "http_protocol_ipv6": "disabled",
                "http_put_response_hop_limit": 1,
                "http_tokens": "optional",
                "instance_metadata_tags": "disabled"
              }
            ],
            "monitoring": false,
            "network_interface": [],
            "outpost_arn": "",
            "password_data": "",
            "placement_group": "",
            "placement_group_id": "",
            "placement_partition_number": 0,
            "primary_network_interface": [
              {
                "delete_on_termination": true,
                "network_interface_id": "eni-094ff4b455b2f8a33"
              }
            ],
            "primary_network_interface_id": "eni-094ff4b455b2f8a33",
            "private_dns": "ip-10-0-3-168.ec2.internal",
            "private_dns_name_options": [
              {
                "enable_resource_name_dns_a_record": false,
                "enable_resource_name_dns_aaaa_record": false,
                "hostname_type": "ip-name"
              }
            ],
            "private_ip": "10.0.3.168",
            "public_dns": "",
            "public_ip": "204.236.198.206",
            "region": "us-east-1",
            "root_block_device": [
              {
                "delete_on_termination": true,
                "device_name": "/dev/xvda",
                "encrypted": false,
                "iops": 100,
                "kms_key_id": "",
                "tags": {},
                "tags_all": {},
                "throughput": 0,
                "volume_id": "vol-0f0a4e874a117f5c0",
                "volume_size": 8,
                "volume_type": "gp2"
              }
            ],
            "secondary_private_ips": [],
            "security_groups": [],
            "source_dest_check": true,
            "spot_instance_request_id": "",
            "subnet_id": "subnet-049c956da43eada5a",
            "tags": {
              "ID": "cmtr-ghjc0xhd",
              "Name": "cmtr-ghjc0xhd-ec2",
              "Project": "epam-tf-lab"
            },
            "tags_all": {
              "ID": "cmtr-ghjc0xhd",
              "Name": "cmtr-ghjc0xhd-ec2",
              "Project": "epam-tf-lab"
            },
            "tenancy": "default",
            "timeouts": null,
            "user_data": null,
            "user_data_base64": null,
            "user_data_replace_on_change": false,
            "volume_tags": null,
            "vpc_security_group_ids": [
              "sg-04949f18514fd9783"
            ]
          },
          "sensitive_attributes": [],
          "identity_schema_version": 0,
          "identity": {
            "account_id": "692859926587",
            "id": "i-06d081b4641a70a94",
            "region": "us-east-1"
          },
          "private": "eyJlMmJmYjczMC1lY2FhLTExZTYtOGY4OC0zNDM2M2JjN2M0YzAiOnsiY3JlYXRlIjo2MDAwMDAwMDAwMDAsImRlbGV0ZSI6MTIwMDAwMDAwMDAwMCwicmVhZCI6OTAwMDAwMDAwMDAwLCJ1cGRhdGUiOjYwMDAwMDAwMDAwMH0sInNjaGVtYV92ZXJzaW9uIjoiMiJ9",
          "dependencies": [
            "aws_key_pair.cmtr-ghjc0xhd-keypair"
          ]
        }
      ]
    },
    {
      "mode": "managed",
      "type": "aws_key_pair",
      "name": "cmtr-ghjc0xhd-keypair",
      "provider": "provider[\"registry.terraform.io/hashicorp/aws\"]",
      "instances": [
        {
          "schema_version": 1,
          "attributes": {
            "arn": "arn:aws:ec2:us-east-1:692859926587:key-pair/cmtr-ghjc0xhd-keypair",
            "fingerprint": "85:36:aa:20:86:98:5d:84:79:81:80:06:e7:ec:90:c3",
            "id": "cmtr-ghjc0xhd-keypair",
            "key_name": "cmtr-ghjc0xhd-keypair",
            "key_name_prefix": "",
            "key_pair_id": "key-045327f4810cb0e57",
            "key_type": "rsa",
            "public_key": "ssh-rsa AAAAB3NzaC1yc2EAAAADAQABAAACAQCgYHyDGDVGFsJiGbl2/2sXbmXQ03ZLfUUTTP1kLW/HMeZxeyJeTdmIA6boXyWJIVici/KMzBnzk/EPvQQD+93lWJeCNWpq6YjlReelDzeZ1fHGEGg8ReCKW/dfUyLRCZorecKr8dVxfenC03bssHyAPxNXIegTIYwqXIwLRMYyRtTLLYZg6TWj5yZNFJwffdTcxoAYrJAr4iJRRKlyyh9erTbrtpciUntyvErfrRA23Z5DezopSxGdJNeEOF5a7DqNqLzKjEBveXE6NuVyFmubfFf6LsaJ4lms5Bih6Oewe6o/T1786J7n6NF8nvUb/fNYQbAxIbCrwa6pu5FjeoLMPnvfp+8RYlHnkuzYwgx/mJF2dmi5cNUyNx5ujsVBjf8Dr0IlyfENYRi1zMh3+kycXfU5apx1rS1rvYG9gMTX+NEyNKJTrJMfqk/ywLqvG/WYaMTG68AVdVX8LPpcz2ET3l/In1sQI3HuzsJOkVgyoyOeXmhtzEqagjykuca9C3kwBnYHRaT/RAPLwR0XSnwePt6bew+HM+FTJzo5VcSxr/ecUmd5A/wKbkKfjXVvk8SJTC8XitdfccrJXpZMvyMhewOnRUbYsOt0b1muM+Sh7RrbcuLafxpOJTFvCVYPzsHWk/o2NCS07gaXbRCjeRSh4FOo14G5KGWPJAO57Ss2wQ== terraform-lab-key",
            "region": "us-east-1",
            "tags": {
              "ID": "cmtr-ghjc0xhd",
              "Project": "epam-tf-lab"
            },
            "tags_all": {
              "ID": "cmtr-ghjc0xhd",
              "Project": "epam-tf-lab"
            }
          },
          "sensitive_attributes": [],
          "identity_schema_version": 0,
          "private": "eyJzY2hlbWFfdmVyc2lvbiI6IjEifQ=="
        }
      ]
    }
  ],
  "check_results": null
}
