{
  "version": 4,
  "terraform_version": "1.13.4",
  "serial": 1,
  "lineage": "a1ea8368-1a56-5d39-6d92-d8a7442be7c0",
  "outputs": {},
  "resources": [
    {
      "mode": "managed",
      "type": "aws_key_pair",
      "name": "cmtr-ghjc0xhd-keypair",
      "provider": "provider[\"registry.terraform.io/hashicorp/aws\"]",
      "instances": [
        {
          "schema_version": 1,
          "attributes": {
            "arn": "arn:aws:ec2:us-east-1:692859926587:key-pair/cmtr-ghjc0xhd-keypair",
            "fingerprint": "85:36:aa:20:86:98:5d:84:79:81:80:06:e7:ec:90:c3",
            "id": "cmtr-ghjc0xhd-keypair",
            "key_name": "cmtr-ghjc0xhd-keypair",
            "key_name_prefix": "",
            "key_pair_id": "key-0c7f9ec2eecffb8e4",
            "key_type": "rsa",
            "public_key": "ssh-rsa AAAAB3NzaC1yc2EAAAADAQABAAACAQCgYHyDGDVGFsJiGbl2/2sXbmXQ03ZLfUUTTP1kLW/HMeZxeyJeTdmIA6boXyWJIVici/KMzBnzk/EPvQQD+93lWJeCNWpq6YjlReelDzeZ1fHGEGg8ReCKW/dfUyLRCZorecKr8dVxfenC03bssHyAPxNXIegTIYwqXIwLRMYyRtTLLYZg6TWj5yZNFJwffdTcxoAYrJAr4iJRRKlyyh9erTbrtpciUntyvErfrRA23Z5DezopSxGdJNeEOF5a7DqNqLzKjEBveXE6NuVyFmubfFf6LsaJ4lms5Bih6Oewe6o/T1786J7n6NF8nvUb/fNYQbAxIbCrwa6pu5FjeoLMPnvfp+8RYlHnkuzYwgx/mJF2dmi5cNUyNx5ujsVBjf8Dr0IlyfENYRi1zMh3+kycXfU5apx1rS1rvYG9gMTX+NEyNKJTrJMfqk/ywLqvG/WYaMTG68AVdVX8LPpcz2ET3l/In1sQI3HuzsJOkVgyoyOeXmhtzEqagjykuca9C3kwBnYHRaT/RAPLwR0XSnwePt6bew+HM+FTJzo5VcSxr/ecUmd5A/wKbkKfjXVvk8SJTC8XitdfccrJXpZMvyMhewOnRUbYsOt0b1muM+Sh7RrbcuLafxpOJTFvCVYPzsHWk/o2NCS07gaXbRCjeRSh4FOo14G5KGWPJAO57Ss2wQ== terraform-lab-key",
            "region": "us-east-1",
            "tags": {
              "ID": "cmtr-ghjc0xhd",
              "Project": "epam-tf-lab"
            },
            "tags_all": {
              "ID": "cmtr-ghjc0xhd",
              "Project": "epam-tf-lab"
            }
          },
          "sensitive_attributes": [],
          "identity_schema_version": 0,
          "private": "eyJzY2hlbWFfdmVyc2lvbiI6IjEifQ=="
        }
      ]
    }
  ],
  "check_results": null
}
